
Microsoft Visual Studio Solution File, Format Version 12.00
# Visual Studio Version 16
VisualStudioVersion = 16.0.808.9
MinimumVisualStudioVersion = 10.0.40219.1
Project("{FAE04EC0-301F-11D3-BF4B-00C04F79EFBC}") = "AnalyzeWeather", "AnalyzeWeather\AnalyzeWeather.csproj", "{070FC934-FD3A-46BD-B3A7-19594815238D}"
EndProject
Project("{FAE04EC0-301F-11D3-BF4B-00C04F79EFBC}") = "AnalyzeWeather.Test", "AnalyzeWeather.Test\AnalyzeWeather.Test.csproj", "{3498198C-B0C4-4428-A767-5F49DF394A48}"
EndProject
Global
	GlobalSection(SolutionConfigurationPlatforms) = preSolution
		Debug|Any CPU = Debug|Any CPU
		Release|Any CPU = Release|Any CPU
	EndGlobalSection
	GlobalSection(ProjectConfigurationPlatforms) = postSolution
		{070FC934-FD3A-46BD-B3A7-19594815238D}.Debug|Any CPU.ActiveCfg = Debug|Any CPU
		{070FC934-FD3A-46BD-B3A7-19594815238D}.Debug|Any CPU.Build.0 = Debug|Any CPU
		{070FC934-FD3A-46BD-B3A7-19594815238D}.Release|Any CPU.ActiveCfg = Release|Any CPU
		{070FC934-FD3A-46BD-B3A7-19594815238D}.Release|Any CPU.Build.0 = Release|Any CPU
		{3498198C-B0C4-4428-A767-5F49DF394A48}.Debug|Any CPU.ActiveCfg = Debug|Any CPU
		{3498198C-B0C4-4428-A767-5F49DF394A48}.Debug|Any CPU.Build.0 = Debug|Any CPU
		{3498198C-B0C4-4428-A767-5F49DF394A48}.Release|Any CPU.ActiveCfg = Release|Any CPU
		{3498198C-B0C4-4428-A767-5F49DF394A48}.Release|Any CPU.Build.0 = Release|Any CPU
	EndGlobalSection
	GlobalSection(SolutionProperties) = preSolution
		HideSolutionNode = FALSE
	EndGlobalSection
	GlobalSection(ExtensibilityGlobals) = postSolution
		SolutionGuid = {E2C57AA6-7FEC-45E5-8EEB-09ED50F0E701}
	EndGlobalSection
EndGlobal
